
Microsoft Visual Studio Solution File, Format Version 12.00
# Visual Studio 15
VisualStudioVersion = 15.0.26228.9
MinimumVisualStudioVersion = 10.0.40219.1
Project("{FAE04EC0-301F-11D3-BF4B-00C04F79EFBC}") = "CompatTelOverride", "CompatTelOverride\CompatTelOverride.csproj", "{BCE604E1-6B37-4773-8A68-527C06BC409B}"
EndProject
Project("{FAE04EC0-301F-11D3-BF4B-00C04F79EFBC}") = "ProcessPrivileges", "ProcessPrivileges\ProcessPrivileges\ProcessPrivileges.csproj", "{410CAEE5-D287-4A18-9B38-BB87397D218D}"
EndProject
Project("{FAE04EC0-301F-11D3-BF4B-00C04F79EFBC}") = "CompatTelWatch", "CompatTelWatch\CompatTelWatch.csproj", "{606D06F4-76DE-47B3-AC1D-079D1720C50B}"
EndProject
Project("{FAE04EC0-301F-11D3-BF4B-00C04F79EFBC}") = "CompatTelHelper", "CompatTelHelper\CompatTelHelper.csproj", "{9CFFEA8C-C174-4424-AAB3-6C84693D913B}"
EndProject
Global
	GlobalSection(SolutionConfigurationPlatforms) = preSolution
		Debug|Any CPU = Debug|Any CPU
		Release|Any CPU = Release|Any CPU
	EndGlobalSection
	GlobalSection(ProjectConfigurationPlatforms) = postSolution
		{BCE604E1-6B37-4773-8A68-527C06BC409B}.Debug|Any CPU.ActiveCfg = Debug|Any CPU
		{BCE604E1-6B37-4773-8A68-527C06BC409B}.Debug|Any CPU.Build.0 = Debug|Any CPU
		{BCE604E1-6B37-4773-8A68-527C06BC409B}.Release|Any CPU.ActiveCfg = Release|Any CPU
		{BCE604E1-6B37-4773-8A68-527C06BC409B}.Release|Any CPU.Build.0 = Release|Any CPU
		{410CAEE5-D287-4A18-9B38-BB87397D218D}.Debug|Any CPU.ActiveCfg = Debug|Any CPU
		{410CAEE5-D287-4A18-9B38-BB87397D218D}.Debug|Any CPU.Build.0 = Debug|Any CPU
		{410CAEE5-D287-4A18-9B38-BB87397D218D}.Release|Any CPU.ActiveCfg = Release|Any CPU
		{410CAEE5-D287-4A18-9B38-BB87397D218D}.Release|Any CPU.Build.0 = Release|Any CPU
		{606D06F4-76DE-47B3-AC1D-079D1720C50B}.Debug|Any CPU.ActiveCfg = Debug|Any CPU
		{606D06F4-76DE-47B3-AC1D-079D1720C50B}.Debug|Any CPU.Build.0 = Debug|Any CPU
		{606D06F4-76DE-47B3-AC1D-079D1720C50B}.Release|Any CPU.ActiveCfg = Release|Any CPU
		{606D06F4-76DE-47B3-AC1D-079D1720C50B}.Release|Any CPU.Build.0 = Release|Any CPU
		{9CFFEA8C-C174-4424-AAB3-6C84693D913B}.Debug|Any CPU.ActiveCfg = Debug|Any CPU
		{9CFFEA8C-C174-4424-AAB3-6C84693D913B}.Debug|Any CPU.Build.0 = Debug|Any CPU
		{9CFFEA8C-C174-4424-AAB3-6C84693D913B}.Release|Any CPU.ActiveCfg = Release|Any CPU
		{9CFFEA8C-C174-4424-AAB3-6C84693D913B}.Release|Any CPU.Build.0 = Release|Any CPU
	EndGlobalSection
	GlobalSection(SolutionProperties) = preSolution
		HideSolutionNode = FALSE
	EndGlobalSection
EndGlobal
